
Microsoft Visual Studio Solution File, Format Version 12.00
# Visual Studio Version 17
VisualStudioVersion = 17.3.32929.385
MinimumVisualStudioVersion = 10.0.40219.1
Project("{FAE04EC0-301F-11D3-BF4B-00C04F79EFBC}") = "WF1.1hw[Maze]", "WF1.1hw[Calculator]\WF1.1hw[Maze].csproj", "{D1330586-B0F3-47A5-A93F-B5D1034EEDFD}"
EndProject
Project("{FAE04EC0-301F-11D3-BF4B-00C04F79EFBC}") = "WF1.2hw[Calculator]", "WF1.2hw[Calculator]\WF1.2hw[Calculator].csproj", "{DC282980-C968-4ADD-B1E7-B39DDD9DC9F8}"
EndProject
Project("{FAE04EC0-301F-11D3-BF4B-00C04F79EFBC}") = "WF2hw[MessageBoxes_Mouse_Timer]", "WF2hw\WF2hw[MessageBoxes_Mouse_Timer].csproj", "{6CB558D4-54C5-473C-8ADD-C50E319F48D2}"
EndProject
Project("{FAE04EC0-301F-11D3-BF4B-00C04F79EFBC}") = "WF4hw", "WF4hw\WF4hw.csproj", "{5252DF4C-193B-41C4-B886-E304561CA980}"
EndProject
Project("{FAE04EC0-301F-11D3-BF4B-00C04F79EFBC}") = "WF5hw", "WF5hw\WF5hw.csproj", "{7DCB0F51-572A-475D-B90E-C4E5C7761B4F}"
EndProject
Project("{FAE04EC0-301F-11D3-BF4B-00C04F79EFBC}") = "WF6hw", "WF6hw\WF6hw.csproj", "{53173353-CD18-4332-AE38-DB369B0C083B}"
EndProject
Project("{FAE04EC0-301F-11D3-BF4B-00C04F79EFBC}") = "WF7hw", "WF7hw\WF7hw.csproj", "{C603D9FF-89E5-493E-9376-DC5458E7B2A1}"
EndProject
Global
	GlobalSection(SolutionConfigurationPlatforms) = preSolution
		Debug|Any CPU = Debug|Any CPU
		Release|Any CPU = Release|Any CPU
	EndGlobalSection
	GlobalSection(ProjectConfigurationPlatforms) = postSolution
		{D1330586-B0F3-47A5-A93F-B5D1034EEDFD}.Debug|Any CPU.ActiveCfg = Debug|Any CPU
		{D1330586-B0F3-47A5-A93F-B5D1034EEDFD}.Debug|Any CPU.Build.0 = Debug|Any CPU
		{D1330586-B0F3-47A5-A93F-B5D1034EEDFD}.Release|Any CPU.ActiveCfg = Release|Any CPU
		{D1330586-B0F3-47A5-A93F-B5D1034EEDFD}.Release|Any CPU.Build.0 = Release|Any CPU
		{DC282980-C968-4ADD-B1E7-B39DDD9DC9F8}.Debug|Any CPU.ActiveCfg = Debug|Any CPU
		{DC282980-C968-4ADD-B1E7-B39DDD9DC9F8}.Debug|Any CPU.Build.0 = Debug|Any CPU
		{DC282980-C968-4ADD-B1E7-B39DDD9DC9F8}.Release|Any CPU.ActiveCfg = Release|Any CPU
		{DC282980-C968-4ADD-B1E7-B39DDD9DC9F8}.Release|Any CPU.Build.0 = Release|Any CPU
		{6CB558D4-54C5-473C-8ADD-C50E319F48D2}.Debug|Any CPU.ActiveCfg = Debug|Any CPU
		{6CB558D4-54C5-473C-8ADD-C50E319F48D2}.Debug|Any CPU.Build.0 = Debug|Any CPU
		{6CB558D4-54C5-473C-8ADD-C50E319F48D2}.Release|Any CPU.ActiveCfg = Release|Any CPU
		{6CB558D4-54C5-473C-8ADD-C50E319F48D2}.Release|Any CPU.Build.0 = Release|Any CPU
		{5252DF4C-193B-41C4-B886-E304561CA980}.Debug|Any CPU.ActiveCfg = Debug|Any CPU
		{5252DF4C-193B-41C4-B886-E304561CA980}.Debug|Any CPU.Build.0 = Debug|Any CPU
		{5252DF4C-193B-41C4-B886-E304561CA980}.Release|Any CPU.ActiveCfg = Release|Any CPU
		{5252DF4C-193B-41C4-B886-E304561CA980}.Release|Any CPU.Build.0 = Release|Any CPU
		{7DCB0F51-572A-475D-B90E-C4E5C7761B4F}.Debug|Any CPU.ActiveCfg = Debug|Any CPU
		{7DCB0F51-572A-475D-B90E-C4E5C7761B4F}.Debug|Any CPU.Build.0 = Debug|Any CPU
		{7DCB0F51-572A-475D-B90E-C4E5C7761B4F}.Release|Any CPU.ActiveCfg = Release|Any CPU
		{7DCB0F51-572A-475D-B90E-C4E5C7761B4F}.Release|Any CPU.Build.0 = Release|Any CPU
		{53173353-CD18-4332-AE38-DB369B0C083B}.Debug|Any CPU.ActiveCfg = Debug|Any CPU
		{53173353-CD18-4332-AE38-DB369B0C083B}.Debug|Any CPU.Build.0 = Debug|Any CPU
		{53173353-CD18-4332-AE38-DB369B0C083B}.Release|Any CPU.ActiveCfg = Release|Any CPU
		{53173353-CD18-4332-AE38-DB369B0C083B}.Release|Any CPU.Build.0 = Release|Any CPU
		{C603D9FF-89E5-493E-9376-DC5458E7B2A1}.Debug|Any CPU.ActiveCfg = Debug|Any CPU
		{C603D9FF-89E5-493E-9376-DC5458E7B2A1}.Debug|Any CPU.Build.0 = Debug|Any CPU
		{C603D9FF-89E5-493E-9376-DC5458E7B2A1}.Release|Any CPU.ActiveCfg = Release|Any CPU
		{C603D9FF-89E5-493E-9376-DC5458E7B2A1}.Release|Any CPU.Build.0 = Release|Any CPU
	EndGlobalSection
	GlobalSection(SolutionProperties) = preSolution
		HideSolutionNode = FALSE
	EndGlobalSection
	GlobalSection(ExtensibilityGlobals) = postSolution
		SolutionGuid = {C1E588A8-669F-4E54-B6E7-BDF322224758}
	EndGlobalSection
EndGlobal
